version = 1
revision = 3
requires-python = ">=3.12"

[[package]]
name = "fable-library"
version = "5.0.0a20"
source = { registry = "https://pypi.org/simple" }
sdist = { url = "https://files.pythonhosted.org/packages/7d/71/d3c1e17e0fea982c3ef8b9ceb7aa5b6749db9124d3b555f73ab511c21284/fable_library-5.0.0a20.tar.gz", hash = "sha256:3bba05805c33b1ba4929ba069db4fb3522f1d2614230eeb838b28020107d49d1", size = 200300, upload-time = "2025-12-08T14:18:05.1Z" }
wheels = [
    { url = "https://files.pythonhosted.org/packages/1d/bf/4a66121fe2289870d0c537ca06fdc1200138e268857cdaffbd6f88b14c3e/fable_library-5.0.0a20-cp312-cp312-macosx_10_12_x86_64.whl", hash = "sha256:317cb9e1cf19af4850bfd549a4e4dd1318b4f8edff67edbc9bf7dc44293d1752", size = 1677386, upload-time = "2025-12-08T14:17:17.585Z" },
    { url = "https://files.pythonhosted.org/packages/e5/27/59cd313a3c5cc0b66d8ee335d5a73dd86354d8658093e852603b6c9129f0/fable_library-5.0.0a20-cp312-cp312-macosx_11_0_arm64.whl", hash = "sha256:773932351766f4181a4b8389fd10cb7c3d3beb310b482eb4cfd1cfb47ab281ea", size = 1595217, upload-time = "2025-12-08T14:17:13.002Z" },
    { url = "https://files.pythonhosted.org/packages/8e/73/22bb6794b2f154aa63bb4273d3725ab388d30de6cdb66335cb5e0824d71e/fable_library-5.0.0a20-cp312-cp312-manylinux_2_17_aarch64.manylinux2014_aarch64.whl", hash = "sha256:8861a20ac8a08996dc904e022ed5405d3a64d8bed0f5706170d2a4fd71f7abb3", size = 1712084, upload-time = "2025-12-08T14:16:10.728Z" },
    { url = "https://files.pythonhosted.org/packages/97/ee/ebccb63b8a7d0a50656748433aad9c6876df9fa777aad829ba8b5268d38f/fable_library-5.0.0a20-cp312-cp312-manylinux_2_17_armv7l.manylinux2014_armv7l.whl", hash = "sha256:795b889fde722badfa5e258f58a3b615b2a659b456c8c4a5235f41082b46dbe9", size = 1673111, upload-time = "2025-12-08T14:16:21.859Z" },
    { url = "https://files.pythonhosted.org/packages/8b/2d/43d7de5990cd8c98b1db5f924c9970de321c7716a536a097f4ab8b246cb4/fable_library-5.0.0a20-cp312-cp312-manylinux_2_17_ppc64le.manylinux2014_ppc64le.whl", hash = "sha256:614a5e3d2b86be680f1806da964d1b724d428a59dc6f34e7192d07ecae825e52", size = 1887006, upload-time = "2025-12-08T14:16:32.673Z" },
    { url = "https://files.pythonhosted.org/packages/f1/5a/873267e136ebc96e1e54dcc02019c5f926822c157828c15d69010104017d/fable_library-5.0.0a20-cp312-cp312-manylinux_2_17_s390x.manylinux2014_s390x.whl", hash = "sha256:1a4507fbf7bc9fe1ca1f7f357cb77f77019f243c1e485d5754e654073b79c819", size = 1809038, upload-time = "2025-12-08T14:16:44.587Z" },
    { url = "https://files.pythonhosted.org/packages/9e/9a/d5de1a70c236c143b8fd437d60c8ec680f5f4cb043acd0de1024950e77f7/fable_library-5.0.0a20-cp312-cp312-manylinux_2_17_x86_64.manylinux2014_x86_64.whl", hash = "sha256:04d8eb693b8599e688ac7d34c39939f5721aa7552401ef25d51322efe518857e", size = 1724428, upload-time = "2025-12-08T14:17:05.7Z" },
    { url = "https://files.pythonhosted.org/packages/b7/ee/0a0b6e63c1b7e4f98dae2b1eddb4dd3c5e72951f41580100c2eeee897050/fable_library-5.0.0a20-cp312-cp312-manylinux_2_5_i686.manylinux1_i686.whl", hash = "sha256:c43061df7b866433854253ed5f1365888edb7db45d7c80163f7ccff010ad0a29", size = 1818458, upload-time = "2025-12-08T14:16:57.676Z" },
    { url = "https://files.pythonhosted.org/packages/33/c2/9e6aa0143257649a9b111ab79d8eca436c01d8d931dfb251d9d800da3a61/fable_library-5.0.0a20-cp312-cp312-musllinux_1_2_aarch64.whl", hash = "sha256:d0ac46820ee472acf143ed206bef4812cfbecf1129e70102b0d4d6755633a55a", size = 1893296, upload-time = "2025-12-08T14:17:23.758Z" },
    { url = "https://files.pythonhosted.org/packages/e0/bd/61acd361e50ce5f7b84c6a2a9e71416f58ba2a60ddfb842572fc74fd39ea/fable_library-5.0.0a20-cp312-cp312-musllinux_1_2_armv7l.whl", hash = "sha256:dc33ecf874ff306e444e854d9e90cb5dc43399c3ff27298e2133886749292c63", size = 1937677, upload-time = "2025-12-08T14:17:34.064Z" },
    { url = "https://files.pythonhosted.org/packages/4e/9e/73860ac35ff750bd8e26e1332c5bdc5b053abf8fbcc7f7016dbb1744468b/fable_library-5.0.0a20-cp312-cp312-musllinux_1_2_i686.whl", hash = "sha256:ae43aa046addc1c8d53f4d23164abbbffc9654ba0f6c892b619ac6273058c926", size = 1929893, upload-time = "2025-12-08T14:17:45.995Z" },
    { url = "https://files.pythonhosted.org/packages/27/93/a1789440603de315f6c1cbd0fc588cdeb5081d8aaec9df6ffad24a0c3171/fable_library-5.0.0a20-cp312-cp312-musllinux_1_2_x86_64.whl", hash = "sha256:5556b6333db2362d62e0a8f74a2dfeafba35ce452d6d630cd3518fd57b64ec3c", size = 1943482, upload-time = "2025-12-08T14:17:56.835Z" },
    { url = "https://files.pythonhosted.org/packages/94/a2/17384cdd6a94394be53ae80072a0d6a48b919b183b12d8efa58fbf7af26f/fable_library-5.0.0a20-cp312-cp312-win_amd64.whl", hash = "sha256:4955a8dbea5d49ccf45c375d094975a9b08a1da35b0539ebb14e3b71e3238d58", size = 1442787, upload-time = "2025-12-08T14:18:08.999Z" },
    { url = "https://files.pythonhosted.org/packages/ae/46/b1079a48a7bb7490c18aebf6231bd1e0ec14da4191d395de85666304e166/fable_library-5.0.0a20-cp313-cp313-macosx_10_12_x86_64.whl", hash = "sha256:36ae0df00867ac0c717657a5a66a3ea9dd443847f90bdd18da0a01b04e75aa64", size = 1677535, upload-time = "2025-12-08T14:17:18.762Z" },
    { url = "https://files.pythonhosted.org/packages/14/42/0d4be2261873b927282688e9fae24b03ff81e4ea3715d87eb711d2ac82dd/fable_library-5.0.0a20-cp313-cp313-macosx_11_0_arm64.whl", hash = "sha256:834986ff156ceea94da2cfabe1e61dc0e290f0947c0f66f88bd76e66875bee75", size = 1595009, upload-time = "2025-12-08T14:17:14.144Z" },
    { url = "https://files.pythonhosted.org/packages/5b/a8/ca23cf445a71a537729b3d38ca3552e2abfd4240167f4fae78970cdbcb32/fable_library-5.0.0a20-cp313-cp313-manylinux_2_17_aarch64.manylinux2014_aarch64.whl", hash = "sha256:ff8893b1d64f4d4d82d43d72d996b296e0e29818544f1cdb0662cc7ce1f89120", size = 1711478, upload-time = "2025-12-08T14:16:11.792Z" },
    { url = "https://files.pythonhosted.org/packages/2a/a0/c88aaa85903fa0715d4df924bfb391989bff045f2d695da492c47be40106/fable_library-5.0.0a20-cp313-cp313-manylinux_2_17_armv7l.manylinux2014_armv7l.whl", hash = "sha256:f9308ad690ddf7320ae069f788bdb8bd970865a04c07d1d34c905ef2eaabd539", size = 1672618, upload-time = "2025-12-08T14:16:23.321Z" },
    { url = "https://files.pythonhosted.org/packages/a5/62/4ae073d23e000fc4579a6a95fceae2e722a9f93363c2564e9ceb63083c15/fable_library-5.0.0a20-cp313-cp313-manylinux_2_17_ppc64le.manylinux2014_ppc64le.whl", hash = "sha256:9e5700b673090c8aa4482e979fe3cbdb6e82ca01a178972f87db6c5c7f6498d8", size = 1885077, upload-time = "2025-12-08T14:16:33.789Z" },
    { url = "https://files.pythonhosted.org/packages/6e/73/475d999c04ba67b4dce77e721605d99487bf0b50135805418c5c516e672d/fable_library-5.0.0a20-cp313-cp313-manylinux_2_17_s390x.manylinux2014_s390x.whl", hash = "sha256:bc73e1921ccc76b77e43b4d2b44540e7d1690882b902a83451b3c2465fbb959e", size = 1809792, upload-time = "2025-12-08T14:16:45.693Z" },
    { url = "https://files.pythonhosted.org/packages/ca/34/bb8d82e532d9e917153171cf1ea69f22a54f3ba1fc9758fbfeb95683d2d0/fable_library-5.0.0a20-cp313-cp313-manylinux_2_17_x86_64.manylinux2014_x86_64.whl", hash = "sha256:1a4b398735819a18a062200f131faa43c6e8614fda6029cc503d17564e6217d1", size = 1723476, upload-time = "2025-12-08T14:17:07.391Z" },
    { url = "https://files.pythonhosted.org/packages/a4/4a/77ae0d80c68014efe453f7e80177b9c32023b05430567dd43099c374ebb8/fable_library-5.0.0a20-cp313-cp313-manylinux_2_5_i686.manylinux1_i686.whl", hash = "sha256:30ad506b671fff2350676dee01877500b98be4eb6c41f6b79e5f160ec51615ef", size = 1818391, upload-time = "2025-12-08T14:16:58.967Z" },
    { url = "https://files.pythonhosted.org/packages/a1/ca/52f1122d6f9f2de8e16d2875884c3583e9937342c343fb737810d19e4d63/fable_library-5.0.0a20-cp313-cp313-musllinux_1_2_aarch64.whl", hash = "sha256:2d25bf0a1410b736de1dc86dc79e8e3f2a72d811c50b8f9f87f4635ff582752d", size = 1892284, upload-time = "2025-12-08T14:17:24.885Z" },
    { url = "https://files.pythonhosted.org/packages/90/58/c6a17f892c10e4dbc53f5556a38ec08178ec2675e44033dd7dddcfb60dc2/fable_library-5.0.0a20-cp313-cp313-musllinux_1_2_armv7l.whl", hash = "sha256:9ef61908d167361848909af2bcb817705c88051059303aab1c5d485d5e5af7be", size = 1937425, upload-time = "2025-12-08T14:17:35.226Z" },
    { url = "https://files.pythonhosted.org/packages/75/d4/6f5435d04060fa7804eef148fdfc908ec51714837ed175624b274610bef7/fable_library-5.0.0a20-cp313-cp313-musllinux_1_2_i686.whl", hash = "sha256:c713ceca5d565ad6d391c28f03492ee72f1dc7a6ebebf70d3324b980af29a24e", size = 1929446, upload-time = "2025-12-08T14:17:47.187Z" },
    { url = "https://files.pythonhosted.org/packages/1e/a0/65b167a2e7b8739696e20ba1cfedd143ad393630ee0f1b2bd8d4d555717a/fable_library-5.0.0a20-cp313-cp313-musllinux_1_2_x86_64.whl", hash = "sha256:d9b5e4b9a14cbafae16c4b88c5ed5c65e86ddcb430041ac3b59a7378e15bf3ad", size = 1942992, upload-time = "2025-12-08T14:17:58.024Z" },
    { url = "https://files.pythonhosted.org/packages/2e/6b/ef6e23223a76cfe127699e52edac17e3a5934c81803def4f42cb4e425089/fable_library-5.0.0a20-cp313-cp313-win_amd64.whl", hash = "sha256:f04c8eed205143c677e5beebea8d302aede692c4a815ea9cffdd44a6093a75ef", size = 1442837, upload-time = "2025-12-08T14:18:10.233Z" },
    { url = "https://files.pythonhosted.org/packages/af/a5/5bc8b1611d2a7589f02d92be7839c022d6c47c61d4d01b1f481762c2603c/fable_library-5.0.0a20-cp313-cp313t-manylinux_2_17_aarch64.manylinux2014_aarch64.whl", hash = "sha256:12bab89825b61bedbf7d2a0d80a9ba5a5bab73e5c46d40b3affa32cffe522ebf", size = 1711567, upload-time = "2025-12-08T14:16:13.242Z" },
    { url = "https://files.pythonhosted.org/packages/25/8d/48b51e8033d0f71d0f25db4fc7ac31d853aec9e5aee9bb1369ae4194a17e/fable_library-5.0.0a20-cp313-cp313t-manylinux_2_17_armv7l.manylinux2014_armv7l.whl", hash = "sha256:6f5377c6250f303463b2f2762243bc54209e9d4de24c12ed66caf6ba36315733", size = 1678665, upload-time = "2025-12-08T14:16:24.605Z" },
    { url = "https://files.pythonhosted.org/packages/7b/08/3ff3e4b6946e9e7e34a29058e7a175bb83182fb263c5f980449401ef71c3/fable_library-5.0.0a20-cp313-cp313t-manylinux_2_17_ppc64le.manylinux2014_ppc64le.whl", hash = "sha256:2535035fded13ced47d3eed58ad5a18ea15267b12b3609eee4d158865cfaeb96", size = 1898217, upload-time = "2025-12-08T14:16:35.775Z" },
    { url = "https://files.pythonhosted.org/packages/e2/4b/62661e3152ee4d067a4ba7a9e88c2fe578fdbbce46012cfebdce93524a70/fable_library-5.0.0a20-cp313-cp313t-manylinux_2_17_s390x.manylinux2014_s390x.whl", hash = "sha256:a8bf87de72a6ea961891fac9e369dde56e49a622670dee427081aa30c6953bb6", size = 1807154, upload-time = "2025-12-08T14:16:47.513Z" },
    { url = "https://files.pythonhosted.org/packages/ce/64/b5aa1e0fd5372a70ad85f0e657ef744f2e619c48f7cb233057f91a84b16c/fable_library-5.0.0a20-cp313-cp313t-musllinux_1_2_aarch64.whl", hash = "sha256:17f9acdcd857c18b7502bb04188996364d61ada3b833796579fc42ef494c3196", size = 1891441, upload-time = "2025-12-08T14:17:26.496Z" },
    { url = "https://files.pythonhosted.org/packages/07/81/34e5b90b1d8bd3ca4dfe050bf8c2ae10c030fd79129da6bd79dee4f9ecce/fable_library-5.0.0a20-cp313-cp313t-musllinux_1_2_armv7l.whl", hash = "sha256:282ab309c19e0c5bc38a5ccf47c4f175792c89158b46e73d7bdb61f064b6c933", size = 1942045, upload-time = "2025-12-08T14:17:36.922Z" },
    { url = "https://files.pythonhosted.org/packages/d4/1d/56cc9c1fc8a426165ce16fd1a0c8269ae0c010b49e232137ecf26ed926a5/fable_library-5.0.0a20-cp313-cp313t-musllinux_1_2_i686.whl", hash = "sha256:caed2a670b4cac21d8056c066325963e0cc943af9c1506d8b025a963d7716349", size = 1935372, upload-time = "2025-12-08T14:17:48.404Z" },
    { url = "https://files.pythonhosted.org/packages/02/e2/1161b1ed6bb74712b1c5369f1b3093c89d9ed059109127ff0482196bbe92/fable_library-5.0.0a20-cp313-cp313t-musllinux_1_2_x86_64.whl", hash = "sha256:78026935b8126f051c98f74effb04c8b3d25317b0ea97b0b6eaee09d816e4cb4", size = 1947627, upload-time = "2025-12-08T14:17:59.374Z" },
    { url = "https://files.pythonhosted.org/packages/19/a3/5799ccb0be448ce473223dd686ff6a68e092b0de5bab30736af103f8d761/fable_library-5.0.0a20-cp314-cp314-macosx_10_12_x86_64.whl", hash = "sha256:0c6522d0465192276e8b8de1b1cf9419744535fc7237bd228907167106c62b3f", size = 1661135, upload-time = "2025-12-08T14:17:20.014Z" },
    { url = "https://files.pythonhosted.org/packages/67/d2/7c0c9adc74cca250ec1583fb34cd2da1a3871a54bd277a315052285271cb/fable_library-5.0.0a20-cp314-cp314-macosx_11_0_arm64.whl", hash = "sha256:98c8665f6702d3550479d473fa43b96e283b5b226248a4a7154fca52eabd7b9a", size = 1588822, upload-time = "2025-12-08T14:17:15.31Z" },
    { url = "https://files.pythonhosted.org/packages/9d/d1/08a41f3044609e7bbea22d2c394b7630e7a20109c38f81e7068423e13eea/fable_library-5.0.0a20-cp314-cp314-manylinux_2_17_aarch64.manylinux2014_aarch64.whl", hash = "sha256:a721a2ece60069cfbcf814ce7356b3986c4ead23c76789263f7abc159b4c4107", size = 1706597, upload-time = "2025-12-08T14:16:14.637Z" },
    { url = "https://files.pythonhosted.org/packages/e3/42/f2c91c66cb83e19219a603f445b6482d7d8c38ce3c793f443d3425146e87/fable_library-5.0.0a20-cp314-cp314-manylinux_2_17_armv7l.manylinux2014_armv7l.whl", hash = "sha256:70aa4f7f84e28c1e4247f1552a4ae66afbd1397bb3d301f6ad4914451f4cdca6", size = 1661074, upload-time = "2025-12-08T14:16:26.097Z" },
    { url = "https://files.pythonhosted.org/packages/ab/d4/ee641c8fa490c8ee363db0210d17727ce83b64cad6661bb3b1b6ae800d30/fable_library-5.0.0a20-cp314-cp314-manylinux_2_17_ppc64le.manylinux2014_ppc64le.whl", hash = "sha256:490c332ca5b7075aa08de4efdac1807766713b392d431af2dad82242046bc193", size = 1887218, upload-time = "2025-12-08T14:16:38.352Z" },
    { url = "https://files.pythonhosted.org/packages/b7/ca/7139e4c11554d9e7b72515c140340adf6f6ebe65deaf5071a8272909e638/fable_library-5.0.0a20-cp314-cp314-manylinux_2_17_s390x.manylinux2014_s390x.whl", hash = "sha256:a909bc7fa5f8f0dccbdeb5a71d2fb1fd941905b6e18a6439c3a9198ff5485ad3", size = 1802009, upload-time = "2025-12-08T14:16:49.119Z" },
    { url = "https://files.pythonhosted.org/packages/08/d0/02cd919390bc16924e341f2182745da509a0355df061a66f3b9cd9e3cfd6/fable_library-5.0.0a20-cp314-cp314-manylinux_2_17_x86_64.manylinux2014_x86_64.whl", hash = "sha256:8ae7ca54f20ccc8f8ccfef6938830c6ccdaa19262f55713d1244550e3175e4a0", size = 1708040, upload-time = "2025-12-08T14:17:08.557Z" },
    { url = "https://files.pythonhosted.org/packages/fa/b4/2c3425a07a577cfb85e3f7dba23efd4023bb797ff1119b67d38c8b6915d3/fable_library-5.0.0a20-cp314-cp314-manylinux_2_5_i686.manylinux1_i686.whl", hash = "sha256:90ee6c863d5e8fff8a659bbae8715d33a3eb387950926e04c89ec4650d1fb716", size = 1814233, upload-time = "2025-12-08T14:17:00.411Z" },
    { url = "https://files.pythonhosted.org/packages/1f/cb/5cce1721473c5fcaaefc70258cedc500243230cfa7d3ccefa2abfa3dc007/fable_library-5.0.0a20-cp314-cp314-musllinux_1_2_aarch64.whl", hash = "sha256:cb04fd4a86d7b846f5577879d388156fd64495c8f2bc3c23f8ff1fa66d1416c3", size = 1886419, upload-time = "2025-12-08T14:17:27.698Z" },
    { url = "https://files.pythonhosted.org/packages/09/66/ce8c0ea5282eae7478ea53fe4581899c0da79aabc885ced640f896fac284/fable_library-5.0.0a20-cp314-cp314-musllinux_1_2_armv7l.whl", hash = "sha256:af04e6581136ba5d1d87828d84a65a7f1f0b7d0f463e148a9a83af9fbc75b32b", size = 1928128, upload-time = "2025-12-08T14:17:38.183Z" },
    { url = "https://files.pythonhosted.org/packages/66/45/b2725a1179fc70ed961b1741f61851417ffdfc97002d8edbf0fa35a5d767/fable_library-5.0.0a20-cp314-cp314-musllinux_1_2_i686.whl", hash = "sha256:b4fb050e549ae347b3198e204a52dc8533b64598f56fcc418aa43b8e86f2d6ee", size = 1925428, upload-time = "2025-12-08T14:17:49.853Z" },
    { url = "https://files.pythonhosted.org/packages/62/26/302ff5b84aa6ae1e2c2b3a4a5a5c04ebd8b97be145bfb357d7971311de91/fable_library-5.0.0a20-cp314-cp314-musllinux_1_2_x86_64.whl", hash = "sha256:c272da657429e0afc343e7045a596717f9a0e1c5d331e83793e45d61101f2ae1", size = 1930167, upload-time = "2025-12-08T14:18:00.538Z" },
    { url = "https://files.pythonhosted.org/packages/ee/16/fb0238c7b5707b4f51b1702a5840625c85d36a23f33b239edaded66d2b54/fable_library-5.0.0a20-cp314-cp314-win32.whl", hash = "sha256:f55c02d8bf2965936b308fe5760d39c77a71f03db8b89c8be31fc1cde79b9aa0", size = 1296393, upload-time = "2025-12-08T14:18:12.915Z" },
    { url = "https://files.pythonhosted.org/packages/f5/1b/12e33d3121e324eb6b009192c0b60200bf81064815e0d6d797e628f6d124/fable_library-5.0.0a20-cp314-cp314-win_amd64.whl", hash = "sha256:d03ec6bf28c858c2ad3b33df552b0248b9143c2d798ab88cb21076efc5d41f74", size = 1429532, upload-time = "2025-12-08T14:18:11.754Z" },
    { url = "https://files.pythonhosted.org/packages/f2/87/14aa99d1831dd03006daf7b3d534ca0065ee17d420419a659d3227a7076f/fable_library-5.0.0a20-cp314-cp314t-manylinux_2_17_aarch64.manylinux2014_aarch64.whl", hash = "sha256:cf970ea08a40470ad69e6481ff02806d55695ac37aca80cec415e37cc0b4dff8", size = 1714205, upload-time = "2025-12-08T14:16:16.019Z" },
    { url = "https://files.pythonhosted.org/packages/e2/37/6cfc6d504dc56ff9c02e22b072ff5f9b4bdb1a528905e33e5da365887762/fable_library-5.0.0a20-cp314-cp314t-manylinux_2_17_armv7l.manylinux2014_armv7l.whl", hash = "sha256:e4a92ba7a3c69f00d31ab68e8144629c122f02d8c6a2a1d89c0498fc42ed68e4", size = 1679306, upload-time = "2025-12-08T14:16:27.281Z" },
    { url = "https://files.pythonhosted.org/packages/3a/b5/a443520cdfa9c3c66c957715239b519c6430e91d91ede4b8809843a35af1/fable_library-5.0.0a20-cp314-cp314t-manylinux_2_17_ppc64le.manylinux2014_ppc64le.whl", hash = "sha256:9159b1450974f49cb4a53b6ac2b70c0fd5feacfb10daa1bb37fc3852bbef52a9", size = 1898090, upload-time = "2025-12-08T14:16:39.616Z" },
    { url = "https://files.pythonhosted.org/packages/93/17/a136966a847cdcfdfacf1d3abd385bf6ca008bae00a09505e5161e2f8efa/fable_library-5.0.0a20-cp314-cp314t-manylinux_2_17_s390x.manylinux2014_s390x.whl", hash = "sha256:0a0b9db1a02cc9ac29949a35bd6420f41b9fe655d7738a413f862e68b211dc04", size = 1807667, upload-time = "2025-12-08T14:16:50.466Z" },
    { url = "https://files.pythonhosted.org/packages/5e/5f/43bc41b370ebf17a2f732267858685f751b05f1c7771549e3457da13e9ac/fable_library-5.0.0a20-cp314-cp314t-musllinux_1_2_aarch64.whl", hash = "sha256:6f72cb71a084a5b17a43491be56b75a794cc2f38c99d6d30f2d563e8c230b068", size = 1894424, upload-time = "2025-12-08T14:17:28.886Z" },
    { url = "https://files.pythonhosted.org/packages/d2/45/4ee0911f6ac6edb99b2db1faf2fcba59ce1a97314a7ccd2722623fca4ffb/fable_library-5.0.0a20-cp314-cp314t-musllinux_1_2_armv7l.whl", hash = "sha256:8a59776aaf1f656a11ae2b96444198a816bc7080a222cb9f9e8dd4cf96b70796", size = 1942243, upload-time = "2025-12-08T14:17:39.519Z" },
    { url = "https://files.pythonhosted.org/packages/b0/30/543414b7ea9a5ffcd88e694269a00cb4d3d387d04dc4a3afb065ef28d64c/fable_library-5.0.0a20-cp314-cp314t-musllinux_1_2_i686.whl", hash = "sha256:ced671ccdbbd4b4863334bf207dfc40a4fd44ae9c73e4ffcf92ec2e81a13f04f", size = 1936812, upload-time = "2025-12-08T14:17:51.26Z" },
    { url = "https://files.pythonhosted.org/packages/d2/c4/31cee9d7c8f72ffebe793d5aa6fd317152fbdc841666e5035bcfb2a6e03c/fable_library-5.0.0a20-cp314-cp314t-musllinux_1_2_x86_64.whl", hash = "sha256:987b6f9aeb729390979714c943fb56d2bbbbf19271d839c080c34ac9b6e9af8b", size = 1944870, upload-time = "2025-12-08T14:18:02.547Z" },
]

[[package]]
name = "fable-pyxpecto"
version = "0.1.0"
source = { virtual = "." }
dependencies = [
    { name = "fable-library" },
]

[package.metadata]
requires-dist = [{ name = "fable-library", specifier = "==5.0.0a20" }]
